
Microsoft Visual Studio Solution File, Format Version 12.00
# Visual Studio 14
VisualStudioVersion = 14.0.23107.0
MinimumVisualStudioVersion = 10.0.40219.1
Project("{F184B08F-C81C-45F6-A57F-5ABD9991F28F}") = "bmicalculator", "bmicalculator\bmicalculator.vbproj", "{A37A457F-257E-4C61-98F6-28834BB96BAF}"
EndProject
Global
	GlobalSection(SolutionConfigurationPlatforms) = preSolution
		Debug|Any CPU = Debug|Any CPU
		Release|Any CPU = Release|Any CPU
	EndGlobalSection
	GlobalSection(ProjectConfigurationPlatforms) = postSolution
		{A37A457F-257E-4C61-98F6-28834BB96BAF}.Debug|Any CPU.ActiveCfg = Debug|Any CPU
		{A37A457F-257E-4C61-98F6-28834BB96BAF}.Debug|Any CPU.Build.0 = Debug|Any CPU
		{A37A457F-257E-4C61-98F6-28834BB96BAF}.Release|Any CPU.ActiveCfg = Release|Any CPU
		{A37A457F-257E-4C61-98F6-28834BB96BAF}.Release|Any CPU.Build.0 = Release|Any CPU
	EndGlobalSection
	GlobalSection(SolutionProperties) = preSolution
		HideSolutionNode = FALSE
	EndGlobalSection
EndGlobal
